
Microsoft Visual Studio Solution File, Format Version 12.00
# Visual Studio Version 17
VisualStudioVersion = 17.11.35312.102
MinimumVisualStudioVersion = 10.0.40219.1
Project("{FAE04EC0-301F-11D3-BF4B-00C04F79EFBC}") = "PersonasServices", "PersonasServices\PersonasServices.csproj", "{C3FB4D80-118E-4FCE-BFCD-029A10F47DAB}"
EndProject
Project("{FAE04EC0-301F-11D3-BF4B-00C04F79EFBC}") = "CitasService", "CitasService\CitasService.csproj", "{79908690-8026-4909-A895-6302DAFDE389}"
EndProject
Project("{FAE04EC0-301F-11D3-BF4B-00C04F79EFBC}") = "RecetasService", "RecetasService\RecetasService.csproj", "{4C3A6B56-AAF7-4409-843F-8B78AB57B797}"
EndProject
Global
	GlobalSection(SolutionConfigurationPlatforms) = preSolution
		Debug|Any CPU = Debug|Any CPU
		Release|Any CPU = Release|Any CPU
	EndGlobalSection
	GlobalSection(ProjectConfigurationPlatforms) = postSolution
		{C3FB4D80-118E-4FCE-BFCD-029A10F47DAB}.Debug|Any CPU.ActiveCfg = Debug|Any CPU
		{C3FB4D80-118E-4FCE-BFCD-029A10F47DAB}.Debug|Any CPU.Build.0 = Debug|Any CPU
		{C3FB4D80-118E-4FCE-BFCD-029A10F47DAB}.Release|Any CPU.ActiveCfg = Release|Any CPU
		{C3FB4D80-118E-4FCE-BFCD-029A10F47DAB}.Release|Any CPU.Build.0 = Release|Any CPU
		{79908690-8026-4909-A895-6302DAFDE389}.Debug|Any CPU.ActiveCfg = Debug|Any CPU
		{79908690-8026-4909-A895-6302DAFDE389}.Debug|Any CPU.Build.0 = Debug|Any CPU
		{79908690-8026-4909-A895-6302DAFDE389}.Release|Any CPU.ActiveCfg = Release|Any CPU
		{79908690-8026-4909-A895-6302DAFDE389}.Release|Any CPU.Build.0 = Release|Any CPU
		{4C3A6B56-AAF7-4409-843F-8B78AB57B797}.Debug|Any CPU.ActiveCfg = Debug|Any CPU
		{4C3A6B56-AAF7-4409-843F-8B78AB57B797}.Debug|Any CPU.Build.0 = Debug|Any CPU
		{4C3A6B56-AAF7-4409-843F-8B78AB57B797}.Release|Any CPU.ActiveCfg = Release|Any CPU
		{4C3A6B56-AAF7-4409-843F-8B78AB57B797}.Release|Any CPU.Build.0 = Release|Any CPU
	EndGlobalSection
	GlobalSection(SolutionProperties) = preSolution
		HideSolutionNode = FALSE
	EndGlobalSection
	GlobalSection(ExtensibilityGlobals) = postSolution
		SolutionGuid = {4A593BCA-62D9-46AB-AAB5-240816BE7FAB}
	EndGlobalSection
EndGlobal
